
Microsoft Visual Studio Solution File, Format Version 12.00
# Visual Studio 15
VisualStudioVersion = 15.0.27428.2005
MinimumVisualStudioVersion = 10.0.40219.1
Project("{FAE04EC0-301F-11D3-BF4B-00C04F79EFBC}") = "PropertiesLoader", "PropertiesLoader\PropertiesLoader.csproj", "{245C252C-B016-4C46-B9CE-2B0984258634}"
EndProject
Global
	GlobalSection(SolutionConfigurationPlatforms) = preSolution
		Debug|Any CPU = Debug|Any CPU
		Release|Any CPU = Release|Any CPU
	EndGlobalSection
	GlobalSection(ProjectConfigurationPlatforms) = postSolution
		{245C252C-B016-4C46-B9CE-2B0984258634}.Debug|Any CPU.ActiveCfg = Debug|Any CPU
		{245C252C-B016-4C46-B9CE-2B0984258634}.Debug|Any CPU.Build.0 = Debug|Any CPU
		{245C252C-B016-4C46-B9CE-2B0984258634}.Release|Any CPU.ActiveCfg = Release|Any CPU
		{245C252C-B016-4C46-B9CE-2B0984258634}.Release|Any CPU.Build.0 = Release|Any CPU
	EndGlobalSection
	GlobalSection(SolutionProperties) = preSolution
		HideSolutionNode = FALSE
	EndGlobalSection
	GlobalSection(ExtensibilityGlobals) = postSolution
		SolutionGuid = {72601567-821A-4C07-9E18-BD191DD5B1FF}
	EndGlobalSection
EndGlobal
